
Microsoft Visual Studio Solution File, Format Version 12.00
# Visual Studio Version 17
VisualStudioVersion = 17.3.32929.385
MinimumVisualStudioVersion = 10.0.40219.1
Project("{FAE04EC0-301F-11D3-BF4B-00C04F79EFBC}") = "FirstProgram", "FirstProgram\FirstProgram.csproj", "{D32671DF-2954-4123-B7FA-2EB1B8D93BC3}"
EndProject
Project("{FAE04EC0-301F-11D3-BF4B-00C04F79EFBC}") = "Variable", "Variable\Variable.csproj", "{CA96B94B-C0E4-4CE8-8FCD-CF3323E3984A}"
EndProject
Global
	GlobalSection(SolutionConfigurationPlatforms) = preSolution
		Debug|Any CPU = Debug|Any CPU
		Release|Any CPU = Release|Any CPU
	EndGlobalSection
	GlobalSection(ProjectConfigurationPlatforms) = postSolution
		{D32671DF-2954-4123-B7FA-2EB1B8D93BC3}.Debug|Any CPU.ActiveCfg = Debug|Any CPU
		{D32671DF-2954-4123-B7FA-2EB1B8D93BC3}.Debug|Any CPU.Build.0 = Debug|Any CPU
		{D32671DF-2954-4123-B7FA-2EB1B8D93BC3}.Release|Any CPU.ActiveCfg = Release|Any CPU
		{D32671DF-2954-4123-B7FA-2EB1B8D93BC3}.Release|Any CPU.Build.0 = Release|Any CPU
		{CA96B94B-C0E4-4CE8-8FCD-CF3323E3984A}.Debug|Any CPU.ActiveCfg = Debug|Any CPU
		{CA96B94B-C0E4-4CE8-8FCD-CF3323E3984A}.Debug|Any CPU.Build.0 = Debug|Any CPU
		{CA96B94B-C0E4-4CE8-8FCD-CF3323E3984A}.Release|Any CPU.ActiveCfg = Release|Any CPU
		{CA96B94B-C0E4-4CE8-8FCD-CF3323E3984A}.Release|Any CPU.Build.0 = Release|Any CPU
	EndGlobalSection
	GlobalSection(SolutionProperties) = preSolution
		HideSolutionNode = FALSE
	EndGlobalSection
	GlobalSection(ExtensibilityGlobals) = postSolution
		SolutionGuid = {E7DBA2D6-7EF7-442D-96B0-365DF70C5517}
	EndGlobalSection
EndGlobal
