
Microsoft Visual Studio Solution File, Format Version 12.00
# Visual Studio Version 17
VisualStudioVersion = 17.3.32929.385
MinimumVisualStudioVersion = 10.0.40219.1
Project("{9A19103F-16F7-4668-BE54-9A1E7A4F7556}") = "FirstProgram", "FirstProgram\FirstProgram.csproj", "{D32671DF-2954-4123-B7FA-2EB1B8D93BC3}"
EndProject
Project("{9A19103F-16F7-4668-BE54-9A1E7A4F7556}") = "Variable", "Variable\Variable.csproj", "{CA96B94B-C0E4-4CE8-8FCD-CF3323E3984A}"
EndProject
Project("{9A19103F-16F7-4668-BE54-9A1E7A4F7556}") = "Method", "Method\Method.csproj", "{FC7BFB17-A19C-4F1B-9762-683EE767DA1B}"
EndProject
Project("{9A19103F-16F7-4668-BE54-9A1E7A4F7556}") = "ClassObjectInstance", "ClassObjectInstance\ClassObjectInstance.csproj", "{F42A4D94-3ECF-4EFE-BD12-8D6E1E7471C6}"
EndProject
Project("{9A19103F-16F7-4668-BE54-9A1E7A4F7556}") = "ClassExample", "ClassExample\ClassExample.csproj", "{54617214-0954-4C1E-AB37-021FADA96768}"
EndProject
Project("{9A19103F-16F7-4668-BE54-9A1E7A4F7556}") = "IfStatement", "IfStatement\IfStatement.csproj", "{1859EC05-3CFF-45DD-BE05-6ADB55A8410B}"
EndProject
Project("{9A19103F-16F7-4668-BE54-9A1E7A4F7556}") = "Operators", "Operators\Operators.csproj", "{AA7C157A-EE13-4D27-8CDE-C04659A0ACDB}"
EndProject
Project("{9A19103F-16F7-4668-BE54-9A1E7A4F7556}") = "Array", "Array\Array.csproj", "{46DA9BEE-C04B-4B45-8F3B-DCB3903DF539}"
EndProject
Project("{9A19103F-16F7-4668-BE54-9A1E7A4F7556}") = "LoopStatements", "LoopStatements\LoopStatements.csproj", "{EF47DB3A-1B02-4E92-9787-AD365A7845FB}"
EndProject
Project("{9A19103F-16F7-4668-BE54-9A1E7A4F7556}") = "Array2D", "Array2D\Array2D.csproj", "{4F6CACD8-1145-4927-B223-3B15779280C5}"
EndProject
Project("{9A19103F-16F7-4668-BE54-9A1E7A4F7556}") = "EnumAndSwitchCase", "EnumAndSwitchCase\EnumAndSwitchCase.csproj", "{2ED3D597-82FF-4029-9F46-2EA43023FC6F}"
EndProject
Project("{9A19103F-16F7-4668-BE54-9A1E7A4F7556}") = "Example1_HorseRacing", "Example1_HorseRacing\Example1_HorseRacing.csproj", "{9FA11722-EA64-4F88-B0F6-D56E74F5DB35}"
EndProject
Project("{9A19103F-16F7-4668-BE54-9A1E7A4F7556}") = "Structure", "Structure\Structure.csproj", "{612DABBA-A7B0-49F7-B224-4EF93858A222}"
EndProject
Project("{9A19103F-16F7-4668-BE54-9A1E7A4F7556}") = "Inheritance", "Inheritance\Inheritance.csproj", "{F8A31DC3-E39D-430C-BEB1-FD643CEB3544}"
EndProject
Project("{FAE04EC0-301F-11D3-BF4B-00C04F79EFBC}") = "DynamicArray", "DynamicArray\DynamicArray.csproj", "{572D1732-BFF3-4E1A-9C21-35E3B6A35794}"
EndProject
Global
	GlobalSection(SolutionConfigurationPlatforms) = preSolution
		Debug|Any CPU = Debug|Any CPU
		Release|Any CPU = Release|Any CPU
	EndGlobalSection
	GlobalSection(ProjectConfigurationPlatforms) = postSolution
		{D32671DF-2954-4123-B7FA-2EB1B8D93BC3}.Debug|Any CPU.ActiveCfg = Debug|Any CPU
		{D32671DF-2954-4123-B7FA-2EB1B8D93BC3}.Debug|Any CPU.Build.0 = Debug|Any CPU
		{D32671DF-2954-4123-B7FA-2EB1B8D93BC3}.Release|Any CPU.ActiveCfg = Release|Any CPU
		{D32671DF-2954-4123-B7FA-2EB1B8D93BC3}.Release|Any CPU.Build.0 = Release|Any CPU
		{CA96B94B-C0E4-4CE8-8FCD-CF3323E3984A}.Debug|Any CPU.ActiveCfg = Debug|Any CPU
		{CA96B94B-C0E4-4CE8-8FCD-CF3323E3984A}.Debug|Any CPU.Build.0 = Debug|Any CPU
		{CA96B94B-C0E4-4CE8-8FCD-CF3323E3984A}.Release|Any CPU.ActiveCfg = Release|Any CPU
		{CA96B94B-C0E4-4CE8-8FCD-CF3323E3984A}.Release|Any CPU.Build.0 = Release|Any CPU
		{FC7BFB17-A19C-4F1B-9762-683EE767DA1B}.Debug|Any CPU.ActiveCfg = Debug|Any CPU
		{FC7BFB17-A19C-4F1B-9762-683EE767DA1B}.Debug|Any CPU.Build.0 = Debug|Any CPU
		{FC7BFB17-A19C-4F1B-9762-683EE767DA1B}.Release|Any CPU.ActiveCfg = Release|Any CPU
		{FC7BFB17-A19C-4F1B-9762-683EE767DA1B}.Release|Any CPU.Build.0 = Release|Any CPU
		{F42A4D94-3ECF-4EFE-BD12-8D6E1E7471C6}.Debug|Any CPU.ActiveCfg = Debug|Any CPU
		{F42A4D94-3ECF-4EFE-BD12-8D6E1E7471C6}.Debug|Any CPU.Build.0 = Debug|Any CPU
		{F42A4D94-3ECF-4EFE-BD12-8D6E1E7471C6}.Release|Any CPU.ActiveCfg = Release|Any CPU
		{F42A4D94-3ECF-4EFE-BD12-8D6E1E7471C6}.Release|Any CPU.Build.0 = Release|Any CPU
		{54617214-0954-4C1E-AB37-021FADA96768}.Debug|Any CPU.ActiveCfg = Debug|Any CPU
		{54617214-0954-4C1E-AB37-021FADA96768}.Debug|Any CPU.Build.0 = Debug|Any CPU
		{54617214-0954-4C1E-AB37-021FADA96768}.Release|Any CPU.ActiveCfg = Release|Any CPU
		{54617214-0954-4C1E-AB37-021FADA96768}.Release|Any CPU.Build.0 = Release|Any CPU
		{1859EC05-3CFF-45DD-BE05-6ADB55A8410B}.Debug|Any CPU.ActiveCfg = Debug|Any CPU
		{1859EC05-3CFF-45DD-BE05-6ADB55A8410B}.Debug|Any CPU.Build.0 = Debug|Any CPU
		{1859EC05-3CFF-45DD-BE05-6ADB55A8410B}.Release|Any CPU.ActiveCfg = Release|Any CPU
		{1859EC05-3CFF-45DD-BE05-6ADB55A8410B}.Release|Any CPU.Build.0 = Release|Any CPU
		{AA7C157A-EE13-4D27-8CDE-C04659A0ACDB}.Debug|Any CPU.ActiveCfg = Debug|Any CPU
		{AA7C157A-EE13-4D27-8CDE-C04659A0ACDB}.Debug|Any CPU.Build.0 = Debug|Any CPU
		{AA7C157A-EE13-4D27-8CDE-C04659A0ACDB}.Release|Any CPU.ActiveCfg = Release|Any CPU
		{AA7C157A-EE13-4D27-8CDE-C04659A0ACDB}.Release|Any CPU.Build.0 = Release|Any CPU
		{46DA9BEE-C04B-4B45-8F3B-DCB3903DF539}.Debug|Any CPU.ActiveCfg = Debug|Any CPU
		{46DA9BEE-C04B-4B45-8F3B-DCB3903DF539}.Debug|Any CPU.Build.0 = Debug|Any CPU
		{46DA9BEE-C04B-4B45-8F3B-DCB3903DF539}.Release|Any CPU.ActiveCfg = Release|Any CPU
		{46DA9BEE-C04B-4B45-8F3B-DCB3903DF539}.Release|Any CPU.Build.0 = Release|Any CPU
		{EF47DB3A-1B02-4E92-9787-AD365A7845FB}.Debug|Any CPU.ActiveCfg = Debug|Any CPU
		{EF47DB3A-1B02-4E92-9787-AD365A7845FB}.Debug|Any CPU.Build.0 = Debug|Any CPU
		{EF47DB3A-1B02-4E92-9787-AD365A7845FB}.Release|Any CPU.ActiveCfg = Release|Any CPU
		{EF47DB3A-1B02-4E92-9787-AD365A7845FB}.Release|Any CPU.Build.0 = Release|Any CPU
		{4F6CACD8-1145-4927-B223-3B15779280C5}.Debug|Any CPU.ActiveCfg = Debug|Any CPU
		{4F6CACD8-1145-4927-B223-3B15779280C5}.Debug|Any CPU.Build.0 = Debug|Any CPU
		{4F6CACD8-1145-4927-B223-3B15779280C5}.Release|Any CPU.ActiveCfg = Release|Any CPU
		{4F6CACD8-1145-4927-B223-3B15779280C5}.Release|Any CPU.Build.0 = Release|Any CPU
		{2ED3D597-82FF-4029-9F46-2EA43023FC6F}.Debug|Any CPU.ActiveCfg = Debug|Any CPU
		{2ED3D597-82FF-4029-9F46-2EA43023FC6F}.Debug|Any CPU.Build.0 = Debug|Any CPU
		{2ED3D597-82FF-4029-9F46-2EA43023FC6F}.Release|Any CPU.ActiveCfg = Release|Any CPU
		{2ED3D597-82FF-4029-9F46-2EA43023FC6F}.Release|Any CPU.Build.0 = Release|Any CPU
		{9FA11722-EA64-4F88-B0F6-D56E74F5DB35}.Debug|Any CPU.ActiveCfg = Debug|Any CPU
		{9FA11722-EA64-4F88-B0F6-D56E74F5DB35}.Debug|Any CPU.Build.0 = Debug|Any CPU
		{9FA11722-EA64-4F88-B0F6-D56E74F5DB35}.Release|Any CPU.ActiveCfg = Release|Any CPU
		{9FA11722-EA64-4F88-B0F6-D56E74F5DB35}.Release|Any CPU.Build.0 = Release|Any CPU
		{612DABBA-A7B0-49F7-B224-4EF93858A222}.Debug|Any CPU.ActiveCfg = Debug|Any CPU
		{612DABBA-A7B0-49F7-B224-4EF93858A222}.Debug|Any CPU.Build.0 = Debug|Any CPU
		{612DABBA-A7B0-49F7-B224-4EF93858A222}.Release|Any CPU.ActiveCfg = Release|Any CPU
		{612DABBA-A7B0-49F7-B224-4EF93858A222}.Release|Any CPU.Build.0 = Release|Any CPU
		{F8A31DC3-E39D-430C-BEB1-FD643CEB3544}.Debug|Any CPU.ActiveCfg = Debug|Any CPU
		{F8A31DC3-E39D-430C-BEB1-FD643CEB3544}.Debug|Any CPU.Build.0 = Debug|Any CPU
		{F8A31DC3-E39D-430C-BEB1-FD643CEB3544}.Release|Any CPU.ActiveCfg = Release|Any CPU
		{F8A31DC3-E39D-430C-BEB1-FD643CEB3544}.Release|Any CPU.Build.0 = Release|Any CPU
		{572D1732-BFF3-4E1A-9C21-35E3B6A35794}.Debug|Any CPU.ActiveCfg = Debug|Any CPU
		{572D1732-BFF3-4E1A-9C21-35E3B6A35794}.Debug|Any CPU.Build.0 = Debug|Any CPU
		{572D1732-BFF3-4E1A-9C21-35E3B6A35794}.Release|Any CPU.ActiveCfg = Release|Any CPU
		{572D1732-BFF3-4E1A-9C21-35E3B6A35794}.Release|Any CPU.Build.0 = Release|Any CPU
	EndGlobalSection
	GlobalSection(SolutionProperties) = preSolution
		HideSolutionNode = FALSE
	EndGlobalSection
	GlobalSection(ExtensibilityGlobals) = postSolution
		SolutionGuid = {E7DBA2D6-7EF7-442D-96B0-365DF70C5517}
	EndGlobalSection
EndGlobal
